
Microsoft Visual Studio Solution File, Format Version 12.00
# Visual Studio 14
VisualStudioVersion = 14.0.23107.0
MinimumVisualStudioVersion = 10.0.40219.1
Project("{FAE04EC0-301F-11D3-BF4B-00C04F79EFBC}") = "FluffTailRanking", "FluffTailRanking\FluffTailRanking.csproj", "{C0A0DDE6-0AD8-475C-BFA4-FA1CE02A6C32}"
EndProject
Project("{FAE04EC0-301F-11D3-BF4B-00C04F79EFBC}") = "FluffTailRanking.BusinessLayer", "FluffTailRanking.BusinessLayer\FluffTailRanking.BusinessLayer.csproj", "{ADC832EF-9785-457A-AF6F-3EC40A55F79A}"
EndProject
Global
	GlobalSection(SolutionConfigurationPlatforms) = preSolution
		Debug|Any CPU = Debug|Any CPU
		Debug|ARM = Debug|ARM
		Debug|x64 = Debug|x64
		Debug|x86 = Debug|x86
		Release|Any CPU = Release|Any CPU
		Release|ARM = Release|ARM
		Release|x64 = Release|x64
		Release|x86 = Release|x86
	EndGlobalSection
	GlobalSection(ProjectConfigurationPlatforms) = postSolution
		{C0A0DDE6-0AD8-475C-BFA4-FA1CE02A6C32}.Debug|Any CPU.ActiveCfg = Debug|x86
		{C0A0DDE6-0AD8-475C-BFA4-FA1CE02A6C32}.Debug|ARM.ActiveCfg = Debug|ARM
		{C0A0DDE6-0AD8-475C-BFA4-FA1CE02A6C32}.Debug|ARM.Build.0 = Debug|ARM
		{C0A0DDE6-0AD8-475C-BFA4-FA1CE02A6C32}.Debug|ARM.Deploy.0 = Debug|ARM
		{C0A0DDE6-0AD8-475C-BFA4-FA1CE02A6C32}.Debug|x64.ActiveCfg = Debug|x64
		{C0A0DDE6-0AD8-475C-BFA4-FA1CE02A6C32}.Debug|x64.Build.0 = Debug|x64
		{C0A0DDE6-0AD8-475C-BFA4-FA1CE02A6C32}.Debug|x64.Deploy.0 = Debug|x64
		{C0A0DDE6-0AD8-475C-BFA4-FA1CE02A6C32}.Debug|x86.ActiveCfg = Debug|x86
		{C0A0DDE6-0AD8-475C-BFA4-FA1CE02A6C32}.Debug|x86.Build.0 = Debug|x86
		{C0A0DDE6-0AD8-475C-BFA4-FA1CE02A6C32}.Debug|x86.Deploy.0 = Debug|x86
		{C0A0DDE6-0AD8-475C-BFA4-FA1CE02A6C32}.Release|Any CPU.ActiveCfg = Release|x86
		{C0A0DDE6-0AD8-475C-BFA4-FA1CE02A6C32}.Release|ARM.ActiveCfg = Release|ARM
		{C0A0DDE6-0AD8-475C-BFA4-FA1CE02A6C32}.Release|ARM.Build.0 = Release|ARM
		{C0A0DDE6-0AD8-475C-BFA4-FA1CE02A6C32}.Release|ARM.Deploy.0 = Release|ARM
		{C0A0DDE6-0AD8-475C-BFA4-FA1CE02A6C32}.Release|x64.ActiveCfg = Release|x64
		{C0A0DDE6-0AD8-475C-BFA4-FA1CE02A6C32}.Release|x64.Build.0 = Release|x64
		{C0A0DDE6-0AD8-475C-BFA4-FA1CE02A6C32}.Release|x64.Deploy.0 = Release|x64
		{C0A0DDE6-0AD8-475C-BFA4-FA1CE02A6C32}.Release|x86.ActiveCfg = Release|x86
		{C0A0DDE6-0AD8-475C-BFA4-FA1CE02A6C32}.Release|x86.Build.0 = Release|x86
		{C0A0DDE6-0AD8-475C-BFA4-FA1CE02A6C32}.Release|x86.Deploy.0 = Release|x86
		{ADC832EF-9785-457A-AF6F-3EC40A55F79A}.Debug|Any CPU.ActiveCfg = Debug|Any CPU
		{ADC832EF-9785-457A-AF6F-3EC40A55F79A}.Debug|Any CPU.Build.0 = Debug|Any CPU
		{ADC832EF-9785-457A-AF6F-3EC40A55F79A}.Debug|ARM.ActiveCfg = Debug|ARM
		{ADC832EF-9785-457A-AF6F-3EC40A55F79A}.Debug|ARM.Build.0 = Debug|ARM
		{ADC832EF-9785-457A-AF6F-3EC40A55F79A}.Debug|x64.ActiveCfg = Debug|x64
		{ADC832EF-9785-457A-AF6F-3EC40A55F79A}.Debug|x64.Build.0 = Debug|x64
		{ADC832EF-9785-457A-AF6F-3EC40A55F79A}.Debug|x86.ActiveCfg = Debug|x86
		{ADC832EF-9785-457A-AF6F-3EC40A55F79A}.Debug|x86.Build.0 = Debug|x86
		{ADC832EF-9785-457A-AF6F-3EC40A55F79A}.Release|Any CPU.ActiveCfg = Release|Any CPU
		{ADC832EF-9785-457A-AF6F-3EC40A55F79A}.Release|Any CPU.Build.0 = Release|Any CPU
		{ADC832EF-9785-457A-AF6F-3EC40A55F79A}.Release|ARM.ActiveCfg = Release|ARM
		{ADC832EF-9785-457A-AF6F-3EC40A55F79A}.Release|ARM.Build.0 = Release|ARM
		{ADC832EF-9785-457A-AF6F-3EC40A55F79A}.Release|x64.ActiveCfg = Release|x64
		{ADC832EF-9785-457A-AF6F-3EC40A55F79A}.Release|x64.Build.0 = Release|x64
		{ADC832EF-9785-457A-AF6F-3EC40A55F79A}.Release|x86.ActiveCfg = Release|x86
		{ADC832EF-9785-457A-AF6F-3EC40A55F79A}.Release|x86.Build.0 = Release|x86
	EndGlobalSection
	GlobalSection(SolutionProperties) = preSolution
		HideSolutionNode = FALSE
	EndGlobalSection
EndGlobal
